<?xml version="1.0" encoding="utf-8"?>
<Project ToolsVersion="4.0" xmlns="http://schemas.microsoft.com/developer/msbuild/2003">
  <ItemGroup>
    <Filter Include="Assets">
      <UniqueIdentifier>{5bac240c-8853-4ba2-b713-ae6cb132a41d}</UniqueIdentifier>
    </Filter>
    <Filter Include="Assets\Fonts">
      <UniqueIdentifier>{80c7878e-2fa8-4a93-b1c0-33e8211e467b}</UniqueIdentifier>
    </Filter>
    <Filter Include="external">
      <UniqueIdentifier>{6dffecea-1faf-446f-9c69-ea6d7cb752f9}</UniqueIdentifier>
    </Filter>
    <Filter Include="external\ImGui">
      <UniqueIdentifier>{2c7dfc06-8221-47ac-bdb0-10b1e835a737}</UniqueIdentifier>
    </Filter>
    <Filter Include="external\ImGui\ImGui_SFML3">
      <UniqueIdentifier>{77c1ce35-7623-40a7-93f2-40f63893b5d8}</UniqueIdentifier>
    </Filter>
    <Filter Include="src">
      <UniqueIdentifier>{4FC737F1-C7A5-4376-A066-2A32D752A2FF}</UniqueIdentifier>
      <Extensions>cpp;c;cc;cxx;c++;cppm;ixx;def;odl;idl;hpj;bat;asm;asmx</Extensions>
    </Filter>
    <Filter Include="src_headers">
      <UniqueIdentifier>{93995380-89BD-4b04-88EB-625FBE52EBFB}</UniqueIdentifier>
      <Extensions>h;hh;hpp;hxx;h++;hm;inl;inc;ipp;xsd</Extensions>
    </Filter>
    <Filter Include="src_headers\core">
      <UniqueIdentifier>{967202ff-455a-476b-8ec5-f87e952a51d3}</UniqueIdentifier>
    </Filter>
    <Filter Include="src\core">
      <UniqueIdentifier>{9f732931-3a1c-4021-a3ca-f1b94844f8ba}</UniqueIdentifier>
    </Filter>
    <Filter Include="src_headers\entities">
      <UniqueIdentifier>{b809c52b-c62d-40fe-a198-a9f0e2d92da1}</UniqueIdentifier>
    </Filter>
    <Filter Include="src\entities">
      <UniqueIdentifier>{9d09df66-5dac-46b6-86a2-b40a6a76b471}</UniqueIdentifier>
    </Filter>
    <Filter Include="src_headers\core\game_states">
      <UniqueIdentifier>{69a8b65b-f373-4b11-92f2-16738b4b5c29}</UniqueIdentifier>
    </Filter>
    <Filter Include="src\core\game_states">
      <UniqueIdentifier>{fb0a7390-f952-45d0-8bb8-4b011956e575}</UniqueIdentifier>
    </Filter>
    <Filter Include="src\core\resources">
      <UniqueIdentifier>{3cdef577-40f7-49de-9a4b-a85432e86f52}</UniqueIdentifier>
    </Filter>
    <Filter Include="src_headers\core\resources">
      <UniqueIdentifier>{7c46cd1a-ad62-4669-8d66-daa939807115}</UniqueIdentifier>
    </Filter>
    <Filter Include="src_headers\core\resources\tpl">
      <UniqueIdentifier>{f7af727e-a983-4893-a9ee-39de6836e653}</UniqueIdentifier>
    </Filter>
  </ItemGroup>
  <ItemGroup>
    <ClCompile Include="external\ImGui\ImGui_SFML3\imgui-SFML.cpp">
      <Filter>external\ImGui\ImGui_SFML3</Filter>
    </ClCompile>
    <ClCompile Include="external\ImGui\imgui.cpp">
      <Filter>external\ImGui</Filter>
    </ClCompile>
    <ClCompile Include="external\ImGui\imgui_draw.cpp">
      <Filter>external\ImGui</Filter>
    </ClCompile>
    <ClCompile Include="external\ImGui\imgui_tables.cpp">
      <Filter>external\ImGui</Filter>
    </ClCompile>
    <ClCompile Include="external\ImGui\imgui_widgets.cpp">
      <Filter>external\ImGui</Filter>
    </ClCompile>
    <ClCompile Include="Source.cpp" />
    <ClCompile Include="VideoGameSource\core\VideoGame.cpp">
      <Filter>src\core</Filter>
    </ClCompile>
    <ClCompile Include="VideoGameSource\core\CidWindow.cpp">
      <Filter>src\core</Filter>
    </ClCompile>
    <ClCompile Include="VideoGameSource\core\GameState.cpp">
      <Filter>src\core</Filter>
    </ClCompile>
    <ClCompile Include="VideoGameSource\core\GameStateManager.cpp">
      <Filter>src\core</Filter>
    </ClCompile>
    <ClCompile Include="VideoGameSource\core\Globals.cpp">
      <Filter>src\core</Filter>
    </ClCompile>
    <ClCompile Include="VideoGameSource\core\game_states\LoadState.cpp">
      <Filter>src\core\game_states</Filter>
    </ClCompile>
    <ClCompile Include="VideoGameSource\core\game_states\MenuState.cpp">
      <Filter>src\core\game_states</Filter>
    </ClCompile>
    <ClCompile Include="VideoGameSource\core\game_states\OverState.cpp">
      <Filter>src\core\game_states</Filter>
    </ClCompile>
    <ClCompile Include="VideoGameSource\core\game_states\PausedState.cpp">
      <Filter>src\core\game_states</Filter>
    </ClCompile>
    <ClCompile Include="VideoGameSource\core\game_states\PlayState.cpp">
      <Filter>src\core\game_states</Filter>
    </ClCompile>
    <ClCompile Include="VideoGameSource\core\game_states\SaveState.cpp">
      <Filter>src\core\game_states</Filter>
    </ClCompile>
    <ClCompile Include="VideoGameSource\core\game_states\SplashState.cpp">
      <Filter>src\core\game_states</Filter>
    </ClCompile>
    <ClCompile Include="VideoGameSource\core\game_states\TitleState.cpp">
      <Filter>src\core\game_states</Filter>
    </ClCompile>
    <ClCompile Include="VideoGameSource\core\resources\Cfg.cpp">
      <Filter>src\core\resources</Filter>
    </ClCompile>
  </ItemGroup>
  <ItemGroup>
    <ClInclude Include="VideoGameSource\core\VideoGame.h">
      <Filter>src_headers\core</Filter>
    </ClInclude>
    <ClInclude Include="VideoGameSource\core\CidWindow.h">
      <Filter>src_headers\core</Filter>
    </ClInclude>
    <ClInclude Include="external\ImGui\ImGui_SFML3\imconfig-SFML.h">
      <Filter>external\ImGui\ImGui_SFML3</Filter>
    </ClInclude>
    <ClInclude Include="external\ImGui\ImGui_SFML3\imgui-SFML.h">
      <Filter>external\ImGui\ImGui_SFML3</Filter>
    </ClInclude>
    <ClInclude Include="external\ImGui\ImGui_SFML3\imgui-SFML_export.h">
      <Filter>external\ImGui\ImGui_SFML3</Filter>
    </ClInclude>
    <ClInclude Include="external\ImGui\imconfig.h">
      <Filter>external\ImGui</Filter>
    </ClInclude>
    <ClInclude Include="external\ImGui\imgui.h">
      <Filter>external\ImGui</Filter>
    </ClInclude>
    <ClInclude Include="external\ImGui\imgui_internal.h">
      <Filter>external\ImGui</Filter>
    </ClInclude>
    <ClInclude Include="external\ImGui\imstb_rectpack.h">
      <Filter>external\ImGui</Filter>
    </ClInclude>
    <ClInclude Include="external\ImGui\imstb_textedit.h">
      <Filter>external\ImGui</Filter>
    </ClInclude>
    <ClInclude Include="external\ImGui\imstb_truetype.h">
      <Filter>external\ImGui</Filter>
    </ClInclude>
    <ClInclude Include="VideoGameSource\entities\Player.h">
      <Filter>src_headers\entities</Filter>
    </ClInclude>
    <ClInclude Include="VideoGameSource\core\GameState.h">
      <Filter>src_headers\core</Filter>
    </ClInclude>
    <ClInclude Include="VideoGameSource\core\GameStateManager.h">
      <Filter>src_headers\core</Filter>
    </ClInclude>
    <ClInclude Include="VideoGameSource\core\Globals.h">
      <Filter>src_headers\core</Filter>
    </ClInclude>
    <ClInclude Include="VideoGameSource\core\StateIDs.h">
      <Filter>src_headers\core</Filter>
    </ClInclude>
    <ClInclude Include="VideoGameSource\core\game_states\LoadState.h">
      <Filter>src_headers\core\game_states</Filter>
    </ClInclude>
    <ClInclude Include="VideoGameSource\core\game_states\MenuState.h">
      <Filter>src_headers\core\game_states</Filter>
    </ClInclude>
    <ClInclude Include="VideoGameSource\core\game_states\OverState.h">
      <Filter>src_headers\core\game_states</Filter>
    </ClInclude>
    <ClInclude Include="VideoGameSource\core\game_states\PausedState.h">
      <Filter>src_headers\core\game_states</Filter>
    </ClInclude>
    <ClInclude Include="VideoGameSource\core\game_states\PlayState.h">
      <Filter>src_headers\core\game_states</Filter>
    </ClInclude>
    <ClInclude Include="VideoGameSource\core\game_states\PlayViewID.h">
      <Filter>src_headers\core\game_states</Filter>
    </ClInclude>
    <ClInclude Include="VideoGameSource\core\game_states\SaveState.h">
      <Filter>src_headers\core\game_states</Filter>
    </ClInclude>
    <ClInclude Include="VideoGameSource\core\game_states\SplashState.h">
      <Filter>src_headers\core\game_states</Filter>
    </ClInclude>
    <ClInclude Include="VideoGameSource\core\game_states\TitleState.h">
      <Filter>src_headers\core\game_states</Filter>
    </ClInclude>
    <ClInclude Include="VideoGameSource\core\resources\Cfg.h">
      <Filter>src_headers\core\resources</Filter>
    </ClInclude>
    <ClInclude Include="VideoGameSource\core\resources\Maps.h">
      <Filter>src_headers\core\resources</Filter>
    </ClInclude>
    <ClInclude Include="VideoGameSource\core\resources\ResourceManager.h">
      <Filter>src_headers\core\resources</Filter>
    </ClInclude>
  </ItemGroup>
  <ItemGroup>
    <Font Include="Assets\Fonts\Crusty.ttf">
      <Filter>Assets\Fonts</Filter>
    </Font>
  </ItemGroup>
  <ItemGroup>
    <Text Include="ImplementationPlan.txt" />
  </ItemGroup>
  <ItemGroup>
    <None Include="VideoGameSource\core\resources\tpl\ResourceManager.tpl">
      <Filter>src_headers\core\resources\tpl</Filter>
    </None>
  </ItemGroup>
</Project>