<?xml version="1.0" encoding="utf-8"?>
<Project ToolsVersion="4.0" xmlns="http://schemas.microsoft.com/developer/msbuild/2003">
  <ItemGroup>
    <Filter Include="Assets">
      <UniqueIdentifier>{5bac240c-8853-4ba2-b713-ae6cb132a41d}</UniqueIdentifier>
    </Filter>
    <Filter Include="Assets\Fonts">
      <UniqueIdentifier>{80c7878e-2fa8-4a93-b1c0-33e8211e467b}</UniqueIdentifier>
    </Filter>
    <Filter Include="external">
      <UniqueIdentifier>{6dffecea-1faf-446f-9c69-ea6d7cb752f9}</UniqueIdentifier>
    </Filter>
    <Filter Include="external\ImGui">
      <UniqueIdentifier>{2c7dfc06-8221-47ac-bdb0-10b1e835a737}</UniqueIdentifier>
    </Filter>
    <Filter Include="external\ImGui\ImGui_SFML3">
      <UniqueIdentifier>{77c1ce35-7623-40a7-93f2-40f63893b5d8}</UniqueIdentifier>
    </Filter>
    <Filter Include="src">
      <UniqueIdentifier>{4FC737F1-C7A5-4376-A066-2A32D752A2FF}</UniqueIdentifier>
      <Extensions>cpp;c;cc;cxx;c++;cppm;ixx;def;odl;idl;hpj;bat;asm;asmx</Extensions>
    </Filter>
    <Filter Include="src_headers">
      <UniqueIdentifier>{93995380-89BD-4b04-88EB-625FBE52EBFB}</UniqueIdentifier>
      <Extensions>h;hh;hpp;hxx;h++;hm;inl;inc;ipp;xsd</Extensions>
    </Filter>
    <Filter Include="src_headers\external">
      <UniqueIdentifier>{24a3da1e-9092-4b5e-9867-5cc51b8853e8}</UniqueIdentifier>
    </Filter>
    <Filter Include="src_headers\external\ImGui">
      <UniqueIdentifier>{5a01b968-c3c2-4e0a-92a8-bda51e636c1c}</UniqueIdentifier>
    </Filter>
    <Filter Include="src_headers\external\ImGui\ImGui_SFML3">
      <UniqueIdentifier>{c187b269-2568-4576-9f9e-0f055b3aeea9}</UniqueIdentifier>
    </Filter>
    <Filter Include="src_headers\core">
      <UniqueIdentifier>{967202ff-455a-476b-8ec5-f87e952a51d3}</UniqueIdentifier>
    </Filter>
    <Filter Include="src\core">
      <UniqueIdentifier>{9f732931-3a1c-4021-a3ca-f1b94844f8ba}</UniqueIdentifier>
    </Filter>
    <Filter Include="src_headers\entities">
      <UniqueIdentifier>{b809c52b-c62d-40fe-a198-a9f0e2d92da1}</UniqueIdentifier>
    </Filter>
  </ItemGroup>
  <ItemGroup>
    <ClCompile Include="external\ImGui\ImGui_SFML3\imgui-SFML.cpp">
      <Filter>external\ImGui\ImGui_SFML3</Filter>
    </ClCompile>
    <ClCompile Include="external\ImGui\imgui.cpp">
      <Filter>external\ImGui</Filter>
    </ClCompile>
    <ClCompile Include="external\ImGui\imgui_draw.cpp">
      <Filter>external\ImGui</Filter>
    </ClCompile>
    <ClCompile Include="external\ImGui\imgui_tables.cpp">
      <Filter>external\ImGui</Filter>
    </ClCompile>
    <ClCompile Include="external\ImGui\imgui_widgets.cpp">
      <Filter>external\ImGui</Filter>
    </ClCompile>
    <ClCompile Include="Source.cpp" />
    <ClCompile Include="VideoGameSource\core\VideoGame.cpp">
      <Filter>src\core</Filter>
    </ClCompile>
    <ClCompile Include="VideoGameSource\core\CidWindow.cpp">
      <Filter>src\core</Filter>
    </ClCompile>
    <ClCompile Include="VideoGameSource\core\GameState.cpp">
      <Filter>src</Filter>
    </ClCompile>
    <ClCompile Include="VideoGameSource\core\GameStates\SplashState.cpp">
      <Filter>src</Filter>
    </ClCompile>
    <ClCompile Include="VideoGameSource\core\GameStates\TitleState.cpp">
      <Filter>src</Filter>
    </ClCompile>
    <ClCompile Include="VideoGameSource\core\GameStates\PlayState.cpp">
      <Filter>src</Filter>
    </ClCompile>
    <ClCompile Include="VideoGameSource\core\GameStates\OverState.cpp">
      <Filter>src</Filter>
    </ClCompile>
    <ClCompile Include="VideoGameSource\core\GameStates\MenuState.cpp">
      <Filter>src</Filter>
    </ClCompile>
    <ClCompile Include="VideoGameSource\core\GameStates\PausedState.cpp">
      <Filter>src</Filter>
    </ClCompile>
  </ItemGroup>
  <ItemGroup>
    <ClInclude Include="external\ImGui\ImGui_SFML3\imgui-SFML.h">
      <Filter>src_headers\external\ImGui\ImGui_SFML3</Filter>
    </ClInclude>
    <ClInclude Include="external\ImGui\imconfig.h">
      <Filter>src_headers\external\ImGui</Filter>
    </ClInclude>
    <ClInclude Include="external\ImGui\imgui.h">
      <Filter>src_headers\external\ImGui</Filter>
    </ClInclude>
    <ClInclude Include="external\ImGui\imgui_internal.h">
      <Filter>src_headers\external\ImGui</Filter>
    </ClInclude>
    <ClInclude Include="external\ImGui\imstb_rectpack.h">
      <Filter>src_headers\external\ImGui</Filter>
    </ClInclude>
    <ClInclude Include="external\ImGui\imstb_textedit.h">
      <Filter>src_headers\external\ImGui</Filter>
    </ClInclude>
    <ClInclude Include="external\ImGui\imstb_truetype.h">
      <Filter>src_headers\external\ImGui</Filter>
    </ClInclude>
    <ClInclude Include="external\ImGui\ImGui_SFML3\imconfig-SFML.h">
      <Filter>src_headers\external\ImGui\ImGui_SFML3</Filter>
    </ClInclude>
    <ClInclude Include="external\ImGui\ImGui_SFML3\imgui-SFML_export.h">
      <Filter>src_headers\external\ImGui\ImGui_SFML3</Filter>
    </ClInclude>
    <ClInclude Include="VideoGameSource\core\VideoGame.h">
      <Filter>src_headers\core</Filter>
    </ClInclude>
    <ClInclude Include="VideoGameSource\core\CidWindow.h">
      <Filter>src_headers\core</Filter>
    </ClInclude>
    <ClInclude Include="VideoGameSource\core\GameState.h">
      <Filter>src_headers</Filter>
    </ClInclude>
    <ClInclude Include="VideoGameSource\entities\Player.h">
      <Filter>src_headers</Filter>
    </ClInclude>
    <ClInclude Include="VideoGameSource\core\GameStates\SplashState.h">
      <Filter>src_headers</Filter>
    </ClInclude>
    <ClInclude Include="VideoGameSource\core\GameStates\TitleState.h">
      <Filter>src_headers</Filter>
    </ClInclude>
    <ClInclude Include="VideoGameSource\core\GameStates\PlayState.h">
      <Filter>src_headers</Filter>
    </ClInclude>
    <ClInclude Include="VideoGameSource\core\GameStates\OverState.h">
      <Filter>src_headers</Filter>
    </ClInclude>
    <ClInclude Include="VideoGameSource\core\GameStates\MenuState.h">
      <Filter>src_headers</Filter>
    </ClInclude>
    <ClInclude Include="VideoGameSource\core\GameStates\PausedState.h">
      <Filter>src_headers</Filter>
    </ClInclude>
    <ClInclude Include="VideoGameSource\core\ViewLayers.h">
      <Filter>src_headers</Filter>
    </ClInclude>
  </ItemGroup>
  <ItemGroup>
    <Font Include="Assets\Fonts\Crusty.ttf">
      <Filter>Assets\Fonts</Filter>
    </Font>
  </ItemGroup>
  <ItemGroup>
    <Text Include="ImplementationPlan.txt" />
  </ItemGroup>
</Project>